
Microsoft Visual Studio Solution File, Format Version 12.00
# Visual Studio Version 16
VisualStudioVersion = 16.0.31729.503
MinimumVisualStudioVersion = 10.0.40219.1
Project("{9A19103F-16F7-4668-BE54-9A1E7A4F7556}") = "Design-Pattern-Customer.Webapi", "src\Design-Pattern-Customer.Webapi\Design-Pattern-Customer.Webapi.csproj", "{50869255-AA61-416C-9190-E8A12D79783E}"
EndProject
Project("{9A19103F-16F7-4668-BE54-9A1E7A4F7556}") = "Design-Pattern.Customer.Common", "src\Design-Pattern.Customer.Guard\Design-Pattern.Customer.Common.csproj", "{57EB6EC4-5B66-4094-824A-3A64B85D7C13}"
EndProject
Project("{9A19103F-16F7-4668-BE54-9A1E7A4F7556}") = "Design-Pattern.Customer.Core", "src\Design-Pattern.Customer.Core\Design-Pattern.Customer.Core.csproj", "{10412BD5-05EF-4A3B-9D2C-A1BECA4E72F3}"
EndProject
Global
	GlobalSection(SolutionConfigurationPlatforms) = preSolution
		Debug|Any CPU = Debug|Any CPU
		Release|Any CPU = Release|Any CPU
	EndGlobalSection
	GlobalSection(ProjectConfigurationPlatforms) = postSolution
		{50869255-AA61-416C-9190-E8A12D79783E}.Debug|Any CPU.ActiveCfg = Debug|Any CPU
		{50869255-AA61-416C-9190-E8A12D79783E}.Debug|Any CPU.Build.0 = Debug|Any CPU
		{50869255-AA61-416C-9190-E8A12D79783E}.Release|Any CPU.ActiveCfg = Release|Any CPU
		{50869255-AA61-416C-9190-E8A12D79783E}.Release|Any CPU.Build.0 = Release|Any CPU
		{57EB6EC4-5B66-4094-824A-3A64B85D7C13}.Debug|Any CPU.ActiveCfg = Debug|Any CPU
		{57EB6EC4-5B66-4094-824A-3A64B85D7C13}.Debug|Any CPU.Build.0 = Debug|Any CPU
		{57EB6EC4-5B66-4094-824A-3A64B85D7C13}.Release|Any CPU.ActiveCfg = Release|Any CPU
		{57EB6EC4-5B66-4094-824A-3A64B85D7C13}.Release|Any CPU.Build.0 = Release|Any CPU
		{10412BD5-05EF-4A3B-9D2C-A1BECA4E72F3}.Debug|Any CPU.ActiveCfg = Debug|Any CPU
		{10412BD5-05EF-4A3B-9D2C-A1BECA4E72F3}.Debug|Any CPU.Build.0 = Debug|Any CPU
		{10412BD5-05EF-4A3B-9D2C-A1BECA4E72F3}.Release|Any CPU.ActiveCfg = Release|Any CPU
		{10412BD5-05EF-4A3B-9D2C-A1BECA4E72F3}.Release|Any CPU.Build.0 = Release|Any CPU
	EndGlobalSection
	GlobalSection(SolutionProperties) = preSolution
		HideSolutionNode = FALSE
	EndGlobalSection
	GlobalSection(ExtensibilityGlobals) = postSolution
		SolutionGuid = {3C899286-7857-4FC1-B59B-7C481F890FD1}
	EndGlobalSection
EndGlobal
